
Microsoft Visual Studio Solution File, Format Version 12.00
# Visual Studio Version 17
VisualStudioVersion = 17.9.34607.119
MinimumVisualStudioVersion = 10.0.40219.1
Project("{9A19103F-16F7-4668-BE54-9A1E7A4F7556}") = "CityGreen", "CityGreen\CityGreen.csproj", "{59BA8A69-3CD5-4B4F-8600-B93BE2C0C943}"
EndProject
Global
	GlobalSection(SolutionConfigurationPlatforms) = preSolution
		Debug|Any CPU = Debug|Any CPU
		Release|Any CPU = Release|Any CPU
	EndGlobalSection
	GlobalSection(ProjectConfigurationPlatforms) = postSolution
		{59BA8A69-3CD5-4B4F-8600-B93BE2C0C943}.Debug|Any CPU.ActiveCfg = Debug|Any CPU
		{59BA8A69-3CD5-4B4F-8600-B93BE2C0C943}.Debug|Any CPU.Build.0 = Debug|Any CPU
		{59BA8A69-3CD5-4B4F-8600-B93BE2C0C943}.Release|Any CPU.ActiveCfg = Release|Any CPU
		{59BA8A69-3CD5-4B4F-8600-B93BE2C0C943}.Release|Any CPU.Build.0 = Release|Any CPU
	EndGlobalSection
	GlobalSection(SolutionProperties) = preSolution
		HideSolutionNode = FALSE
	EndGlobalSection
	GlobalSection(ExtensibilityGlobals) = postSolution
		SolutionGuid = {088B7286-6884-4706-8B36-33E332847CEA}
	EndGlobalSection
EndGlobal
